FORGE
  remote: http://forge.puppetlabs.com
  specs:
    puppetlabs/apt (1.1.0)
      puppetlabs/stdlib (>= 2.2.1)
    puppetlabs/ntp (0.3.0)
      puppetlabs/stdlib (>= 0.1.6)
    puppetlabs/stdlib (4.1.0)

GIT
  remote: git@github.com:stackableio/puppet_modules.git
  path: motd
  ref: master
  sha: af06482517a7f7c4f177d226e629dbb2ad41628c
  specs:
    motd (0.0.1)

GIT
  remote: git@github.com:stackableio/puppet_modules.git
  path: postfix
  ref: master
  sha: af06482517a7f7c4f177d226e629dbb2ad41628c
  specs:
    postfix (0.0.1)

GIT
  remote: git@github.com:stackableio/puppet_modules.git
  path: stackable_base/
  ref: master
  sha: af06482517a7f7c4f177d226e629dbb2ad41628c
  specs:
    stackable_base (0.0.1)

DEPENDENCIES
  motd (>= 0)
  postfix (>= 0)
  puppetlabs/apt (>= 0)
  puppetlabs/ntp (>= 0)
  puppetlabs/stdlib (>= 0)
  stackable_base (>= 0)

